
Microsoft Visual Studio Solution File, Format Version 12.00
# Visual Studio Version 16
VisualStudioVersion = 16.0.29709.97
MinimumVisualStudioVersion = 10.0.40219.1
Project("{FAE04EC0-301F-11D3-BF4B-00C04F79EFBC}") = "GSA_Auctions_app1", "GSA_Auctions_app1\GSA_Auctions_app1.csproj", "{139D636D-127E-4E8F-B617-90EC1526FF05}"
EndProject
Global
	GlobalSection(SolutionConfigurationPlatforms) = preSolution
		Debug|Any CPU = Debug|Any CPU
		Release|Any CPU = Release|Any CPU
	EndGlobalSection
	GlobalSection(ProjectConfigurationPlatforms) = postSolution
		{139D636D-127E-4E8F-B617-90EC1526FF05}.Debug|Any CPU.ActiveCfg = Debug|Any CPU
		{139D636D-127E-4E8F-B617-90EC1526FF05}.Debug|Any CPU.Build.0 = Debug|Any CPU
		{139D636D-127E-4E8F-B617-90EC1526FF05}.Release|Any CPU.ActiveCfg = Release|Any CPU
		{139D636D-127E-4E8F-B617-90EC1526FF05}.Release|Any CPU.Build.0 = Release|Any CPU
	EndGlobalSection
	GlobalSection(SolutionProperties) = preSolution
		HideSolutionNode = FALSE
	EndGlobalSection
	GlobalSection(ExtensibilityGlobals) = postSolution
		SolutionGuid = {800FC709-5973-4959-A632-056DA8C8A24B}
	EndGlobalSection
EndGlobal
